# This file is automatically @generated by Poetry 1.4.0 and should not be changed by hand.

[[package]]
name = "assistance"
version = "0.1.1"
description = ""
category = "main"
optional = false
python-versions = ">=3.8"
files = []
develop = true

[package.source]
type = "directory"
url = "libs/assistance"

[metadata]
lock-version = "2.0"
  python-versions = ">=3.8"
content-hash = "19e478e928424972e6fc8a22419d11640cc70eb596a87ffe9c4c48efa8c6afbf"
